{
    "_meta": {
        "hash": {
            "sha256": "ae2d88cb6ef6feb59733ac1aef565c8a52e3c165f557696b7aea799d8678e581"
        },
        "pipfile-spec": 6,
        "requires": {
            "python_version": "3.8"
        },
        "sources": [
            {
                "name": "pypi",
                "url": "https://pypi.org/simple",
                "verify_ssl": true
            }
        ]
    },
    "default": {
        "asgiref": {
            "hashes": [
                "sha256:5ee950735509d04eb673bd7f7120f8fa1c9e2df495394992c73234d526907e17",
                "sha256:7162a3cb30ab0609f1a4c95938fd73e8604f63bdba516a7f7d64b83ff09478f0"
            ],
            "index": "pypi",
            "version": "==3.3.1"
        },
        "django": {
            "hashes": [
                "sha256:32ce792ee9b6a0cbbec340123e229ac9f765dff8c2a4ae9247a14b2ba3a365a7",
                "sha256:baf099db36ad31f970775d0be5587cc58a6256a6771a44eb795b554d45f211b8"
            ],
            "index": "pypi",
            "version": "==3.1.7"
        },
        "numpy": {
            "hashes": [
                "sha256:032be656d89bbf786d743fee11d01ef318b0781281241997558fa7950028dd29",
                "sha256:104f5e90b143dbf298361a99ac1af4cf59131218a045ebf4ee5990b83cff5fab",
                "sha256:125a0e10ddd99a874fd357bfa1b636cd58deb78ba4a30b5ddb09f645c3512e04",
                "sha256:12e4ba5c6420917571f1a5becc9338abbde71dd811ce40b37ba62dec7b39af6d",
                "sha256:13adf545732bb23a796914fe5f891a12bd74cf3d2986eed7b7eba2941eea1590",
                "sha256:2d7e27442599104ee08f4faed56bb87c55f8b10a5494ac2ead5c98a4b289e61f",
                "sha256:3bc63486a870294683980d76ec1e3efc786295ae00128f9ea38e2c6e74d5a60a",
                "sha256:3d3087e24e354c18fb35c454026af3ed8997cfd4997765266897c68d724e4845",
                "sha256:4ed8e96dc146e12c1c5cdd6fb9fd0757f2ba66048bf94c5126b7efebd12d0090",
                "sha256:60759ab15c94dd0e1ed88241fd4fa3312db4e91d2c8f5a2d4cf3863fad83d65b",
                "sha256:65410c7f4398a0047eea5cca9b74009ea61178efd78d1be9847fac1d6716ec1e",
                "sha256:66b467adfcf628f66ea4ac6430ded0614f5cc06ba530d09571ea404789064adc",
                "sha256:7199109fa46277be503393be9250b983f325880766f847885607d9b13848f257",
                "sha256:72251e43ac426ff98ea802a931922c79b8d7596480300eb9f1b1e45e0543571e",
                "sha256:89e5336f2bec0c726ac7e7cdae181b325a9c0ee24e604704ed830d241c5e47ff",
                "sha256:89f937b13b8dd17b0099c7c2e22066883c86ca1575a975f754babc8fbf8d69a9",
                "sha256:9c94cab5054bad82a70b2e77741271790304651d584e2cdfe2041488e753863b",
                "sha256:9eb551d122fadca7774b97db8a112b77231dcccda8e91a5bc99e79890797175e",
                "sha256:a1d7995d1023335e67fb070b2fae6f5968f5be3802b15ad6d79d81ecaa014fe0",
                "sha256:ae61f02b84a0211abb56462a3b6cd1e7ec39d466d3160eb4e1da8bf6717cdbeb",
                "sha256:b9410c0b6fed4a22554f072a86c361e417f0258838957b78bd063bde2c7f841f",
                "sha256:c26287dfc888cf1e65181f39ea75e11f42ffc4f4529e5bd19add57ad458996e2",
                "sha256:c91ec9569facd4757ade0888371eced2ecf49e7982ce5634cc2cf4e7331a4b14",
                "sha256:ecb5b74c702358cdc21268ff4c37f7466357871f53a30e6f84c686952bef16a9"
            ],
            "index": "pypi",
            "version": "==1.20.1"
        },
        "pyperclip": {
            "hashes": [
                "sha256:105254a8b04934f0bc84e9c24eb360a591aaf6535c9def5f29d92af107a9bf57"
            ],
            "index": "pypi",
            "version": "==1.8.2"
        },
        "python-igraph": {
            "hashes": [
                "sha256:0a4da7651bcc1be5a9baf0159e6b74f70ea69f777f085499199119f8f6667d31",
                "sha256:1f2318a62b9aa78e3e02c4fc2ad3e85859d217c8f752618a442708681f82d672",
                "sha256:25fb63bac1b21848da6c08052eda3cc2e311392ff29a854c12b3aa66b0f18c0f",
                "sha256:2721c9324c6edace971b787957cfe138427d4ebbf1b1d4e698644387897a3b90",
                "sha256:3191f30f61bdc39c22fbc1a7727af22d9c61ee9895e046bb9d1bca155ea7a799",
                "sha256:38821fc13b987707f35f37b76617f446c76a474f485f0d7f2778f9636ef8c59e",
                "sha256:3bd7658f036e592535f8e61abc6c4f4530c84735540e58417a63a7b4ec018442",
                "sha256:3daf6ae98ec5e88aad06b4ffa166b2f29aabe359cb11e0283014ec1eb5a7b398",
                "sha256:56bde3dee8383b13c6b9270a9358fb676377f39ccaa2b5ecea60457c5fa344aa",
                "sha256:5e8b26846b0b7ed0e173a6721112336a8037a6fe50d197e405bef51c35dbec5c",
                "sha256:65d4e87d72c9b5b875a1afad1d19f6d265539f905d6c72189527ae2578d4dd87",
                "sha256:753b6d14efe6e921b2302b0da840576849b000ac46732b08c1fed43fb741dc75",
                "sha256:76645733988c4141df4eab129a30449e809f557ea13de001f5b3d248bc28f899",
                "sha256:7aa1d77fa02e27475eb4f14503f3cb342c3ed8990d9224640fd29c70797f2dd6",
                "sha256:7ce9a6aa91e621a461f55b456599ad9c5a092a2060c4dfdf794dcb9167d9fe9d",
                "sha256:81fb199c4e44f0d783e2f8721d02cdd851a39ced29a0744207a93f4f6b9b35bb",
                "sha256:85e1dc2e729862e75d82dc5c7e45d07f818ae33442899653ef14374c34f7f2f3",
                "sha256:93ed32798a3d57e00f851613ea80d765732fd7a7f64d74cd8b6a3ac4f5f49c97",
                "sha256:9b1bf984589742452fb35422dcbc16ec71b4abb1cc49fd3d43e678df3500744b",
                "sha256:9bc97c78d211da3cfc72120fb6c47f44f881e43c5df3b3aeec0b7c5c5b9b8959",
                "sha256:a50e18aca0d6012fc68acda25eb14c0fade3089da51b75fa531fb2c2d7f6f300",
                "sha256:a558c59411611c67779c9292da346860b9abcb277fa679db065d365a0b5bb5de",
                "sha256:afcf0baebb02d4f9805ea9a302523ee4b4a30d14d97401d6647dbc572d721390",
                "sha256:bab9d70b15d4cc9fc1316b451f1cd70bb5d77d169fb53bb504218284dbc0b5e4",
                "sha256:dc1741a104d78bc36d316b4ce29bce2b5bb687ddb6caf2887a1a9f8ad47bcf83",
                "sha256:fbce30f57c1dc04ff14fc0a51b985c5870ff0757f9cdfb0f758f2ae57b5f4610"
            ],
            "index": "pypi",
            "version": "==0.9.0"
        },
        "pytz": {
            "hashes": [
                "sha256:83a4a90894bf38e243cf052c8b58f381bfe9a7a483f6a9cab140bc7f702ac4da",
                "sha256:eb10ce3e7736052ed3623d49975ce333bcd712c7bb19a58b9e2089d4057d0798"
            ],
            "index": "pypi",
            "version": "==2021.1"
        },
        "pyzx": {
            "hashes": [
                "sha256:7d8ced5fb2678ae3efd50ca2306f727a997fa724945d3ca8794f67c577efe1d4",
                "sha256:b3f46531714957fc18bf3068ccf58852004526d3572daf2b303b76ba10ecaf77"
            ],
            "index": "pypi",
            "version": "==0.6.4"
        },
        "sqlparse": {
            "hashes": [
                "sha256:017cde379adbd6a1f15a61873f43e8274179378e95ef3fede90b5aa64d304ed0",
                "sha256:0f91fd2e829c44362cbcfab3e9ae12e22badaa8a29ad5ff599f9ec109f0454e8"
            ],
            "index": "pypi",
            "version": "==0.4.1"
        },
        "texttable": {
            "hashes": [
                "sha256:ce0faf21aa77d806bbff22b107cc22cce68dc9438f97a2df32c93e9afa4ce436",
                "sha256:f802f2ef8459058736264210f716c757cbf85007a30886d8541aa8c3404f1dda"
            ],
            "index": "pypi",
            "version": "==1.6.3"
        },
        "typing-extensions": {
            "hashes": [
                "sha256:7cb407020f00f7bfc3cb3e7881628838e69d8f3fcab2f64742a5e76b2f841918",
                "sha256:99d4073b617d30288f569d3f13d2bd7548c3a7e4c8de87db09a9d29bb3a4a60c",
                "sha256:dafc7639cde7f1b6e1acc0f457842a83e722ccca8eef5270af2d74792619a89f"
            ],
            "index": "pypi",
            "version": "==3.7.4.3"
        }
    },
    "develop": {}
}
